{
  "name": "browsermesh-pod",
  "version": "0.1.0",
  "lockfileVersion": 3,
  "requires": true,
  "packages": {
    "": {
      "name": "browsermesh-pod",
      "version": "0.1.0",
      "license": "MIT",
      "devDependencies": {
        "browsermesh-primitives": "^0.1.0"
      },
      "peerDependencies": {
        "browsermesh-primitives": ">=0.1.0"
      }
    },
    "../browsermesh-primitives": {
      "version": "0.1.0",
      "dev": true,
      "license": "MIT"
    },
    "node_modules/browsermesh-primitives": {
      "resolved": "../browsermesh-primitives",
      "link": true
    }
  }
}
