{
  "name": "browsermesh-pod",
  "version": "0.1.0",
  "lockfileVersion": 3,
  "requires": true,
  "packages": {
    "": {
      "name": "browsermesh-pod",
      "version": "0.1.0",
      "license": "MIT",
      "devDependencies": {
        "browsermesh-primitives": "^0.1.0"
      },
      "peerDependencies": {
        "browsermesh-primitives": ">=0.1.0"
      }
    },
    "node_modules/browsermesh-primitives": {
      "version": "0.1.0",
      "resolved": "https://registry.npmjs.org/browsermesh-primitives/-/browsermesh-primitives-0.1.0.tgz",
      "integrity": "sha512-MxcTq4BFOSt22OMa5GE2AjKYyjfOsbhBOv/CtajT7zW2pb7FWjt7+f9TBhxZ3HaiLKXBAlnHjierpPZEH+enuw==",
      "dev": true,
      "license": "MIT"
    }
  }
}
