{
  "name": "browsermesh-pod",
  "version": "0.1.0",
  "lockfileVersion": 3,
  "requires": true,
  "packages": {
    "": {
      "name": "browsermesh-pod",
      "version": "0.1.0",
      "license": "MIT",
      "peerDependencies": {
        "browsermesh-primitives": "file:../browsermesh-primitives"
      }
    },
    "../browsermesh-primitives": {
      "version": "0.1.0",
      "license": "MIT",
      "peer": true
    },
    "node_modules/browsermesh-primitives": {
      "resolved": "../browsermesh-primitives",
      "link": true
    }
  }
}
